lockfileVersion: '9.0'

settings:
  autoInstallPeers: true
  excludeLinksFromLockfile: false

importers:

  .:
    dependencies:
      '@noble/hashes':
        specifier: ^1.4.0
        version: 1.4.0
    devDependencies:
      monaco-editor:
        specifier: ^0.50.0
        version: 0.50.0

packages:

  '@noble/hashes@1.4.0':
    resolution: {integrity: sha512-V1JJ1WTRUqHHrOSh597hURcMqVKVGL/ea3kv0gSnEdsEZ0/+VyPghM1lMNGc00z7CIQorSvbKpuJkxvuHbvdbg==}
    engines: {node: '>= 16'}

  monaco-editor@0.50.0:
    resolution: {integrity: sha512-8CclLCmrRRh+sul7C08BmPBP3P8wVWfBHomsTcndxg5NRCEPfu/mc2AGU8k37ajjDVXcXFc12ORAMUkmk+lkFA==}

snapshots:

  '@noble/hashes@1.4.0': {}

  monaco-editor@0.50.0: {}
